
Microsoft Visual Studio Solution File, Format Version 12.00
# Visual Studio Version 16
VisualStudioVersion = 16.0.31702.278
MinimumVisualStudioVersion = 10.0.40219.1
Project("{FAE04EC0-301F-11D3-BF4B-00C04F79EFBC}") = "CoffeeShopGraphqlAPI", "CoffeeShopGraphqlAPI\CoffeeShopGraphqlAPI.csproj", "{5EAF14AF-2B64-4500-B0C7-1382C489DE28}"
EndProject
Global
	GlobalSection(SolutionConfigurationPlatforms) = preSolution
		Debug|Any CPU = Debug|Any CPU
		Release|Any CPU = Release|Any CPU
	EndGlobalSection
	GlobalSection(ProjectConfigurationPlatforms) = postSolution
		{5EAF14AF-2B64-4500-B0C7-1382C489DE28}.Debug|Any CPU.ActiveCfg = Debug|Any CPU
		{5EAF14AF-2B64-4500-B0C7-1382C489DE28}.Debug|Any CPU.Build.0 = Debug|Any CPU
		{5EAF14AF-2B64-4500-B0C7-1382C489DE28}.Release|Any CPU.ActiveCfg = Release|Any CPU
		{5EAF14AF-2B64-4500-B0C7-1382C489DE28}.Release|Any CPU.Build.0 = Release|Any CPU
	EndGlobalSection
	GlobalSection(SolutionProperties) = preSolution
		HideSolutionNode = FALSE
	EndGlobalSection
	GlobalSection(ExtensibilityGlobals) = postSolution
		SolutionGuid = {2A7145DB-D96B-48FE-95C2-198FDE23BE91}
	EndGlobalSection
EndGlobal
